
Microsoft Visual Studio Solution File, Format Version 12.00
# Visual Studio Version 16
VisualStudioVersion = 16.0.30002.166
MinimumVisualStudioVersion = 10.0.40219.1
Project("{8BC9CEB8-8B4A-11D0-8D11-00A0C91BC942}") = "Project1", "Project1\Project1.vcxproj", "{41D182AE-6DEB-4219-B9FA-012FA6986970}"
EndProject
Project("{8BC9CEB8-8B4A-11D0-8D11-00A0C91BC942}") = "Project2", "Project2\Project2.vcxproj", "{9186F6E5-A5B6-4243-AC04-EEBA903CBCDB}"
EndProject
Project("{8BC9CEB8-8B4A-11D0-8D11-00A0C91BC942}") = "Project3", "Project3\Project3.vcxproj", "{15BE0184-4FC6-4D5C-A768-1DB6FD69F93C}"
EndProject
Project("{8BC9CEB8-8B4A-11D0-8D11-00A0C91BC942}") = "Project4", "Project4\Project4.vcxproj", "{1269A4F0-E964-4C86-A42D-292C86B45DCB}"
EndProject
Global
	GlobalSection(SolutionConfigurationPlatforms) = preSolution
		Debug|x64 = Debug|x64
		Debug|x86 = Debug|x86
		Release|x64 = Release|x64
		Release|x86 = Release|x86
	EndGlobalSection
	GlobalSection(ProjectConfigurationPlatforms) = postSolution
		{41D182AE-6DEB-4219-B9FA-012FA6986970}.Debug|x64.ActiveCfg = Debug|x64
		{41D182AE-6DEB-4219-B9FA-012FA6986970}.Debug|x64.Build.0 = Debug|x64
		{41D182AE-6DEB-4219-B9FA-012FA6986970}.Debug|x86.ActiveCfg = Debug|Win32
		{41D182AE-6DEB-4219-B9FA-012FA6986970}.Debug|x86.Build.0 = Debug|Win32
		{41D182AE-6DEB-4219-B9FA-012FA6986970}.Release|x64.ActiveCfg = Release|x64
		{41D182AE-6DEB-4219-B9FA-012FA6986970}.Release|x64.Build.0 = Release|x64
		{41D182AE-6DEB-4219-B9FA-012FA6986970}.Release|x86.ActiveCfg = Release|Win32
		{41D182AE-6DEB-4219-B9FA-012FA6986970}.Release|x86.Build.0 = Release|Win32
		{9186F6E5-A5B6-4243-AC04-EEBA903CBCDB}.Debug|x64.ActiveCfg = Debug|x64
		{9186F6E5-A5B6-4243-AC04-EEBA903CBCDB}.Debug|x64.Build.0 = Debug|x64
		{9186F6E5-A5B6-4243-AC04-EEBA903CBCDB}.Debug|x86.ActiveCfg = Debug|Win32
		{9186F6E5-A5B6-4243-AC04-EEBA903CBCDB}.Debug|x86.Build.0 = Debug|Win32
		{9186F6E5-A5B6-4243-AC04-EEBA903CBCDB}.Release|x64.ActiveCfg = Release|x64
		{9186F6E5-A5B6-4243-AC04-EEBA903CBCDB}.Release|x64.Build.0 = Release|x64
		{9186F6E5-A5B6-4243-AC04-EEBA903CBCDB}.Release|x86.ActiveCfg = Release|Win32
		{9186F6E5-A5B6-4243-AC04-EEBA903CBCDB}.Release|x86.Build.0 = Release|Win32
		{15BE0184-4FC6-4D5C-A768-1DB6FD69F93C}.Debug|x64.ActiveCfg = Debug|x64
		{15BE0184-4FC6-4D5C-A768-1DB6FD69F93C}.Debug|x64.Build.0 = Debug|x64
		{15BE0184-4FC6-4D5C-A768-1DB6FD69F93C}.Debug|x86.ActiveCfg = Debug|Win32
		{15BE0184-4FC6-4D5C-A768-1DB6FD69F93C}.Debug|x86.Build.0 = Debug|Win32
		{15BE0184-4FC6-4D5C-A768-1DB6FD69F93C}.Release|x64.ActiveCfg = Release|x64
		{15BE0184-4FC6-4D5C-A768-1DB6FD69F93C}.Release|x64.Build.0 = Release|x64
		{15BE0184-4FC6-4D5C-A768-1DB6FD69F93C}.Release|x86.ActiveCfg = Release|Win32
		{15BE0184-4FC6-4D5C-A768-1DB6FD69F93C}.Release|x86.Build.0 = Release|Win32
		{1269A4F0-E964-4C86-A42D-292C86B45DCB}.Debug|x64.ActiveCfg = Debug|x64
		{1269A4F0-E964-4C86-A42D-292C86B45DCB}.Debug|x64.Build.0 = Debug|x64
		{1269A4F0-E964-4C86-A42D-292C86B45DCB}.Debug|x86.ActiveCfg = Debug|Win32
		{1269A4F0-E964-4C86-A42D-292C86B45DCB}.Debug|x86.Build.0 = Debug|Win32
		{1269A4F0-E964-4C86-A42D-292C86B45DCB}.Release|x64.ActiveCfg = Release|x64
		{1269A4F0-E964-4C86-A42D-292C86B45DCB}.Release|x64.Build.0 = Release|x64
		{1269A4F0-E964-4C86-A42D-292C86B45DCB}.Release|x86.ActiveCfg = Release|Win32
		{1269A4F0-E964-4C86-A42D-292C86B45DCB}.Release|x86.Build.0 = Release|Win32
	EndGlobalSection
	GlobalSection(SolutionProperties) = preSolution
		HideSolutionNode = FALSE
	EndGlobalSection
	GlobalSection(ExtensibilityGlobals) = postSolution
		SolutionGuid = {4C63BE4D-59C6-4837-891E-140EBA174BCA}
	EndGlobalSection
EndGlobal
